// !$*UTF8*$!
{
	archiveVersion = 1;
	classes = {
	};
	objectVersion = 56;
	objects = {

/* Begin PBXBuildFile section */
		CE581E0B2E78C497005C6F6F /* chat_de_turmaApp.swift in Sources */ = {isa = PBXBuildFile; fileRef = CE581E0A2E78C497005C6F6F /* chat_de_turmaApp.swift */; };
		CE581E0F2E78C498005C6F6F /* Assets.xcassets in Resources */ = {isa = PBXBuildFile; fileRef = CE581E0E2E78C498005C6F6F /* Assets.xcassets */; };
		CE581E122E78C498005C6F6F /* Preview Assets.xcassets in Resources */ = {isa = PBXBuildFile; fileRef = CE581E112E78C498005C6F6F /* Preview Assets.xcassets */; };
		CE85FD2A2E84AFDC00D47456 /* mensagemConteudo.swift in Sources */ = {isa = PBXBuildFile; fileRef = CE85FD192E84AFDB00D47456 /* mensagemConteudo.swift */; };
		CE85FD2B2E84AFDC00D47456 /* turmas.swift in Sources */ = {isa = PBXBuildFile; fileRef = CE85FD1A2E84AFDB00D47456 /* turmas.swift */; };
		CE85FD2C2E84AFDC00D47456 /* mensagem.swift in Sources */ = {isa = PBXBuildFile; fileRef = CE85FD1B2E84AFDB00D47456 /* mensagem.swift */; };
		CE85FD2D2E84AFDC00D47456 /* usuario.swift in Sources */ = {isa = PBXBuildFile; fileRef = CE85FD1C2E84AFDB00D47456 /* usuario.swift */; };
		CE85FD2E2E84AFDC00D47456 /* conversa.swift in Sources */ = {isa = PBXBuildFile; fileRef = CE85FD1D2E84AFDB00D47456 /* conversa.swift */; };
		CE85FD2F2E84AFDC00D47456 /* turmaViewModel.swift in Sources */ = {isa = PBXBuildFile; fileRef = CE85FD1F2E84AFDB00D47456 /* turmaViewModel.swift */; };
		CE85FD302E84AFDC00D47456 /* directViewModel.swift in Sources */ = {isa = PBXBuildFile; fileRef = CE85FD212E84AFDB00D47456 /* directViewModel.swift */; };
		CE85FD312E84AFDC00D47456 /* canalViewModel.swift in Sources */ = {isa = PBXBuildFile; fileRef = CE85FD222E84AFDB00D47456 /* canalViewModel.swift */; };
		CE85FD322E84AFDC00D47456 /* forumViewModel.swift in Sources */ = {isa = PBXBuildFile; fileRef = CE85FD232E84AFDB00D47456 /* forumViewModel.swift */; };
		CE85FD332E84AFDC00D47456 /* errosLogin.swift in Sources */ = {isa = PBXBuildFile; fileRef = CE85FD252E84AFDB00D47456 /* errosLogin.swift */; };
		CE85FD342E84AFDC00D47456 /* PantryService.swift in Sources */ = {isa = PBXBuildFile; fileRef = CE85FD272E84AFDB00D47456 /* PantryService.swift */; };
		CE85FD352E84AFDC00D47456 /* loginHandler.swift in Sources */ = {isa = PBXBuildFile; fileRef = CE85FD292E84AFDC00D47456 /* loginHandler.swift */; };
		CE85FD372E84B92200D47456 /* TelaPrincipal.swift in Sources */ = {isa = PBXBuildFile; fileRef = CE85FD362E84B92200D47456 /* TelaPrincipal.swift */; };
		CE85FD392E85BF8400D47456 /* TelaNotificações.swift in Sources */ = {isa = PBXBuildFile; fileRef = CE85FD382E85BF8400D47456 /* TelaNotificações.swift */; };
		CE85FD3C2E85C02E00D47456 /* notificacao.swift in Sources */ = {isa = PBXBuildFile; fileRef = CE85FD3B2E85C02E00D47456 /* notificacao.swift */; };
		CE85FD422E8927F500D47456 /* errosPantry.swift in Sources */ = {isa = PBXBuildFile; fileRef = CE85FD412E8927F500D47456 /* errosPantry.swift */; };
		CE85FD442E893CFC00D47456 /* PantryServiceTest.swift in Sources */ = {isa = PBXBuildFile; fileRef = CE85FD432E893CFC00D47456 /* PantryServiceTest.swift */; };
		CE85FD462E98763800D47456 /* mensagemView.swift in Sources */ = {isa = PBXBuildFile; fileRef = CE85FD452E98763800D47456 /* mensagemView.swift */; };
		CE85FD482E9884D700D47456 /* TelaForum.swift in Sources */ = {isa = PBXBuildFile; fileRef = CE85FD472E9884D700D47456 /* TelaForum.swift */; };
		CE85FD4A2E98893B00D47456 /* closerButton.swift in Sources */ = {isa = PBXBuildFile; fileRef = CE85FD492E98893B00D47456 /* closerButton.swift */; };
		CED0DC3D2E836C57006CC905 /* TelaDeLogin.swift in Sources */ = {isa = PBXBuildFile; fileRef = CED0DC3C2E836C57006CC905 /* TelaDeLogin.swift */; };
		CED0DC3F2E84ADCE006CC905 /* TelaDeRegistração.swift in Sources */ = {isa = PBXBuildFile; fileRef = CED0DC3E2E84ADCE006CC905 /* TelaDeRegistração.swift */; };
/* End PBXBuildFile section */

/* Begin PBXFileReference section */
		CE581E072E78C497005C6F6F /* chat de turma.app */ = {isa = PBXFileReference; explicitFileType = wrapper.application; includeInIndex = 0; path = "chat de turma.app"; sourceTree = BUILT_PRODUCTS_DIR; };
		CE581E0A2E78C497005C6F6F /* chat_de_turmaApp.swift */ = {isa = PBXFileReference; lastKnownFileType = sourcecode.swift; path = chat_de_turmaApp.swift; sourceTree = "<group>"; };
		CE581E0E2E78C498005C6F6F /* Assets.xcassets */ = {isa = PBXFileReference; lastKnownFileType = folder.assetcatalog; path = Assets.xcassets; sourceTree = "<group>"; };
		CE581E112E78C498005C6F6F /* Preview Assets.xcassets */ = {isa = PBXFileReference; lastKnownFileType = folder.assetcatalog; path = "Preview Assets.xcassets"; sourceTree = "<group>"; };
		CE85FD192E84AFDB00D47456 /* mensagemConteudo.swift */ = {isa = PBXFileReference; fileEncoding = 4; lastKnownFileType = sourcecode.swift; path = mensagemConteudo.swift; sourceTree = "<group>"; };
		CE85FD1A2E84AFDB00D47456 /* turmas.swift */ = {isa = PBXFileReference; fileEncoding = 4; lastKnownFileType = sourcecode.swift; path = turmas.swift; sourceTree = "<group>"; };
		CE85FD1B2E84AFDB00D47456 /* mensagem.swift */ = {isa = PBXFileReference; fileEncoding = 4; lastKnownFileType = sourcecode.swift; path = mensagem.swift; sourceTree = "<group>"; };
		CE85FD1C2E84AFDB00D47456 /* usuario.swift */ = {isa = PBXFileReference; fileEncoding = 4; lastKnownFileType = sourcecode.swift; path = usuario.swift; sourceTree = "<group>"; };
		CE85FD1D2E84AFDB00D47456 /* conversa.swift */ = {isa = PBXFileReference; fileEncoding = 4; lastKnownFileType = sourcecode.swift; path = conversa.swift; sourceTree = "<group>"; };
		CE85FD1F2E84AFDB00D47456 /* turmaViewModel.swift */ = {isa = PBXFileReference; fileEncoding = 4; lastKnownFileType = sourcecode.swift; path = turmaViewModel.swift; sourceTree = "<group>"; };
		CE85FD212E84AFDB00D47456 /* directViewModel.swift */ = {isa = PBXFileReference; fileEncoding = 4; lastKnownFileType = sourcecode.swift; path = directViewModel.swift; sourceTree = "<group>"; };
		CE85FD222E84AFDB00D47456 /* canalViewModel.swift */ = {isa = PBXFileReference; fileEncoding = 4; lastKnownFileType = sourcecode.swift; path = canalViewModel.swift; sourceTree = "<group>"; };
		CE85FD232E84AFDB00D47456 /* forumViewModel.swift */ = {isa = PBXFileReference; fileEncoding = 4; lastKnownFileType = sourcecode.swift; path = forumViewModel.swift; sourceTree = "<group>"; };
		CE85FD252E84AFDB00D47456 /* errosLogin.swift */ = {isa = PBXFileReference; fileEncoding = 4; lastKnownFileType = sourcecode.swift; path = errosLogin.swift; sourceTree = "<group>"; };
		CE85FD272E84AFDB00D47456 /* PantryService.swift */ = {isa = PBXFileReference; fileEncoding = 4; lastKnownFileType = sourcecode.swift; path = PantryService.swift; sourceTree = "<group>"; };
		CE85FD292E84AFDC00D47456 /* loginHandler.swift */ = {isa = PBXFileReference; fileEncoding = 4; lastKnownFileType = sourcecode.swift; path = loginHandler.swift; sourceTree = "<group>"; };
		CE85FD362E84B92200D47456 /* TelaPrincipal.swift */ = {isa = PBXFileReference; lastKnownFileType = sourcecode.swift; path = TelaPrincipal.swift; sourceTree = "<group>"; };
		CE85FD382E85BF8400D47456 /* TelaNotificações.swift */ = {isa = PBXFileReference; lastKnownFileType = sourcecode.swift; path = "TelaNotificações.swift"; sourceTree = "<group>"; };
		CE85FD3B2E85C02E00D47456 /* notificacao.swift */ = {isa = PBXFileReference; lastKnownFileType = sourcecode.swift; path = notificacao.swift; sourceTree = "<group>"; };
		CE85FD412E8927F500D47456 /* errosPantry.swift */ = {isa = PBXFileReference; lastKnownFileType = sourcecode.swift; path = errosPantry.swift; sourceTree = "<group>"; };
		CE85FD432E893CFC00D47456 /* PantryServiceTest.swift */ = {isa = PBXFileReference; lastKnownFileType = sourcecode.swift; path = PantryServiceTest.swift; sourceTree = "<group>"; };
		CE85FD452E98763800D47456 /* mensagemView.swift */ = {isa = PBXFileReference; lastKnownFileType = sourcecode.swift; path = mensagemView.swift; sourceTree = "<group>"; };
		CE85FD472E9884D700D47456 /* TelaForum.swift */ = {isa = PBXFileReference; lastKnownFileType = sourcecode.swift; path = TelaForum.swift; sourceTree = "<group>"; };
		CE85FD492E98893B00D47456 /* closerButton.swift */ = {isa = PBXFileReference; lastKnownFileType = sourcecode.swift; path = closerButton.swift; sourceTree = "<group>"; };
		CED0DC3C2E836C57006CC905 /* TelaDeLogin.swift */ = {isa = PBXFileReference; lastKnownFileType = sourcecode.swift; path = TelaDeLogin.swift; sourceTree = "<group>"; };
		CED0DC3E2E84ADCE006CC905 /* TelaDeRegistração.swift */ = {isa = PBXFileReference; lastKnownFileType = sourcecode.swift; path = "TelaDeRegistração.swift"; sourceTree = "<group>"; };
/* End PBXFileReference section */

/* Begin PBXFrameworksBuildPhase section */
		CE581E042E78C497005C6F6F /* Frameworks */ = {
			isa = PBXFrameworksBuildPhase;
			buildActionMask = 2147483647;
			files = (
			);
			runOnlyForDeploymentPostprocessing = 0;
		};
/* End PBXFrameworksBuildPhase section */

/* Begin PBXGroup section */
		CE581DFE2E78C497005C6F6F = {
			isa = PBXGroup;
			children = (
				CE581E092E78C497005C6F6F /* chat de turma */,
				CE581E082E78C497005C6F6F /* Products */,
			);
			sourceTree = "<group>";
		};
		CE581E082E78C497005C6F6F /* Products */ = {
			isa = PBXGroup;
			children = (
				CE581E072E78C497005C6F6F /* chat de turma.app */,
			);
			name = Products;
			sourceTree = "<group>";
		};
		CE581E092E78C497005C6F6F /* chat de turma */ = {
			isa = PBXGroup;
			children = (
				CE85FD3A2E85BF9500D47456 /* Components */,
				CE85FD242E84AFDB00D47456 /* Erros */,
				CE85FD282E84AFDC00D47456 /* Handlers */,
				CE85FD182E84AFDB00D47456 /* Models */,
				CE85FD262E84AFDB00D47456 /* Services */,
				CE85FD1E2E84AFDB00D47456 /* ViewModels */,
				CED0DC3B2E836BA2006CC905 /* View */,
				CE581E0A2E78C497005C6F6F /* chat_de_turmaApp.swift */,
				CE581E0E2E78C498005C6F6F /* Assets.xcassets */,
				CE581E102E78C498005C6F6F /* Preview Content */,
			);
			path = "chat de turma";
			sourceTree = "<group>";
		};
		CE581E102E78C498005C6F6F /* Preview Content */ = {
			isa = PBXGroup;
			children = (
				CE581E112E78C498005C6F6F /* Preview Assets.xcassets */,
			);
			path = "Preview Content";
			sourceTree = "<group>";
		};
		CE85FD182E84AFDB00D47456 /* Models */ = {
			isa = PBXGroup;
			children = (
				CE85FD192E84AFDB00D47456 /* mensagemConteudo.swift */,
				CE85FD1A2E84AFDB00D47456 /* turmas.swift */,
				CE85FD1B2E84AFDB00D47456 /* mensagem.swift */,
				CE85FD1C2E84AFDB00D47456 /* usuario.swift */,
				CE85FD1D2E84AFDB00D47456 /* conversa.swift */,
			);
			path = Models;
			sourceTree = "<group>";
		};
		CE85FD1E2E84AFDB00D47456 /* ViewModels */ = {
			isa = PBXGroup;
			children = (
				CE85FD1F2E84AFDB00D47456 /* turmaViewModel.swift */,
				CE85FD202E84AFDB00D47456 /* ChatViewModels */,
			);
			path = ViewModels;
			sourceTree = "<group>";
		};
		CE85FD202E84AFDB00D47456 /* ChatViewModels */ = {
			isa = PBXGroup;
			children = (
				CE85FD212E84AFDB00D47456 /* directViewModel.swift */,
				CE85FD222E84AFDB00D47456 /* canalViewModel.swift */,
				CE85FD232E84AFDB00D47456 /* forumViewModel.swift */,
			);
			path = ChatViewModels;
			sourceTree = "<group>";
		};
		CE85FD242E84AFDB00D47456 /* Erros */ = {
			isa = PBXGroup;
			children = (
				CE85FD252E84AFDB00D47456 /* errosLogin.swift */,
				CE85FD412E8927F500D47456 /* errosPantry.swift */,
			);
			path = Erros;
			sourceTree = "<group>";
		};
		CE85FD262E84AFDB00D47456 /* Services */ = {
			isa = PBXGroup;
			children = (
				CE85FD272E84AFDB00D47456 /* PantryService.swift */,
				CE85FD432E893CFC00D47456 /* PantryServiceTest.swift */,
			);
			path = Services;
			sourceTree = "<group>";
		};
		CE85FD282E84AFDC00D47456 /* Handlers */ = {
			isa = PBXGroup;
			children = (
				CE85FD292E84AFDC00D47456 /* loginHandler.swift */,
			);
			path = Handlers;
			sourceTree = "<group>";
		};
		CE85FD3A2E85BF9500D47456 /* Components */ = {
			isa = PBXGroup;
			children = (
				CE85FD3B2E85C02E00D47456 /* notificacao.swift */,
				CE85FD452E98763800D47456 /* mensagemView.swift */,
				CE85FD492E98893B00D47456 /* closerButton.swift */,
			);
			path = Components;
			sourceTree = "<group>";
		};
		CED0DC3B2E836BA2006CC905 /* View */ = {
			isa = PBXGroup;
			children = (
				CED0DC3C2E836C57006CC905 /* TelaDeLogin.swift */,
				CED0DC3E2E84ADCE006CC905 /* TelaDeRegistração.swift */,
				CE85FD362E84B92200D47456 /* TelaPrincipal.swift */,
				CE85FD382E85BF8400D47456 /* TelaNotificações.swift */,
				CE85FD472E9884D700D47456 /* TelaForum.swift */,
			);
			path = View;
			sourceTree = "<group>";
		};
/* End PBXGroup section */

/* Begin PBXNativeTarget section */
		CE581E062E78C497005C6F6F /* chat de turma */ = {
			isa = PBXNativeTarget;
			buildConfigurationList = CE581E152E78C498005C6F6F /* Build configuration list for PBXNativeTarget "chat de turma" */;
			buildPhases = (
				CE581E032E78C497005C6F6F /* Sources */,
				CE581E042E78C497005C6F6F /* Frameworks */,
				CE581E052E78C497005C6F6F /* Resources */,
			);
			buildRules = (
			);
			dependencies = (
			);
			name = "chat de turma";
			productName = "chat de turma";
			productReference = CE581E072E78C497005C6F6F /* chat de turma.app */;
			productType = "com.apple.product-type.application";
		};
/* End PBXNativeTarget section */

/* Begin PBXProject section */
		CE581DFF2E78C497005C6F6F /* Project object */ = {
			isa = PBXProject;
			attributes = {
				BuildIndependentTargetsInParallel = 1;
				LastSwiftUpdateCheck = 1520;
				LastUpgradeCheck = 1520;
				TargetAttributes = {
					CE581E062E78C497005C6F6F = {
						CreatedOnToolsVersion = 15.2;
					};
				};
			};
			buildConfigurationList = CE581E022E78C497005C6F6F /* Build configuration list for PBXProject "chat de turma" */;
			compatibilityVersion = "Xcode 14.0";
			developmentRegion = en;
			hasScannedForEncodings = 0;
			knownRegions = (
				en,
				Base,
			);
			mainGroup = CE581DFE2E78C497005C6F6F;
			productRefGroup = CE581E082E78C497005C6F6F /* Products */;
			projectDirPath = "";
			projectRoot = "";
			targets = (
				CE581E062E78C497005C6F6F /* chat de turma */,
			);
		};
/* End PBXProject section */

/* Begin PBXResourcesBuildPhase section */
		CE581E052E78C497005C6F6F /* Resources */ = {
			isa = PBXResourcesBuildPhase;
			buildActionMask = 2147483647;
			files = (
				CE581E122E78C498005C6F6F /* Preview Assets.xcassets in Resources */,
				CE581E0F2E78C498005C6F6F /* Assets.xcassets in Resources */,
			);
			runOnlyForDeploymentPostprocessing = 0;
		};
/* End PBXResourcesBuildPhase section */

/* Begin PBXSourcesBuildPhase section */
		CE581E032E78C497005C6F6F /* Sources */ = {
			isa = PBXSourcesBuildPhase;
			buildActionMask = 2147483647;
			files = (
				CED0DC3D2E836C57006CC905 /* TelaDeLogin.swift in Sources */,
				CE85FD312E84AFDC00D47456 /* canalViewModel.swift in Sources */,
				CE85FD4A2E98893B00D47456 /* closerButton.swift in Sources */,
				CE581E0B2E78C497005C6F6F /* chat_de_turmaApp.swift in Sources */,
				CE85FD342E84AFDC00D47456 /* PantryService.swift in Sources */,
				CE85FD422E8927F500D47456 /* errosPantry.swift in Sources */,
				CE85FD442E893CFC00D47456 /* PantryServiceTest.swift in Sources */,
				CE85FD2E2E84AFDC00D47456 /* conversa.swift in Sources */,
				CE85FD322E84AFDC00D47456 /* forumViewModel.swift in Sources */,
				CE85FD372E84B92200D47456 /* TelaPrincipal.swift in Sources */,
				CE85FD2B2E84AFDC00D47456 /* turmas.swift in Sources */,
				CE85FD2F2E84AFDC00D47456 /* turmaViewModel.swift in Sources */,
				CE85FD302E84AFDC00D47456 /* directViewModel.swift in Sources */,
				CE85FD352E84AFDC00D47456 /* loginHandler.swift in Sources */,
				CE85FD2D2E84AFDC00D47456 /* usuario.swift in Sources */,
				CE85FD392E85BF8400D47456 /* TelaNotificações.swift in Sources */,
				CE85FD482E9884D700D47456 /* TelaForum.swift in Sources */,
				CE85FD332E84AFDC00D47456 /* errosLogin.swift in Sources */,
				CED0DC3F2E84ADCE006CC905 /* TelaDeRegistração.swift in Sources */,
				CE85FD2C2E84AFDC00D47456 /* mensagem.swift in Sources */,
				CE85FD3C2E85C02E00D47456 /* notificacao.swift in Sources */,
				CE85FD462E98763800D47456 /* mensagemView.swift in Sources */,
				CE85FD2A2E84AFDC00D47456 /* mensagemConteudo.swift in Sources */,
			);
			runOnlyForDeploymentPostprocessing = 0;
		};
/* End PBXSourcesBuildPhase section */

/* Begin XCBuildConfiguration section */
		CE581E132E78C498005C6F6F /* Debug */ = {
			isa = XCBuildConfiguration;
			buildSettings = {
				ALWAYS_SEARCH_USER_PATHS = NO;
				ASSETCATALOG_COMPILER_GENERATE_SWIFT_ASSET_SYMBOL_EXTENSIONS = YES;
				CLANG_ANALYZER_NONNULL = YES;
				CLANG_ANALYZER_NUMBER_OBJECT_CONVERSION = YES_AGGRESSIVE;
				CLANG_CXX_LANGUAGE_STANDARD = "gnu++20";
				CLANG_ENABLE_MODULES = YES;
				CLANG_ENABLE_OBJC_ARC = YES;
				CLANG_ENABLE_OBJC_WEAK = YES;
				CLANG_WARN_BLOCK_CAPTURE_AUTORELEASING = YES;
				CLANG_WARN_BOOL_CONVERSION = YES;
				CLANG_WARN_COMMA = YES;
				CLANG_WARN_CONSTANT_CONVERSION = YES;
				CLANG_WARN_DEPRECATED_OBJC_IMPLEMENTATIONS = YES;
				CLANG_WARN_DIRECT_OBJC_ISA_USAGE = YES_ERROR;
				CLANG_WARN_DOCUMENTATION_COMMENTS = YES;
				CLANG_WARN_EMPTY_BODY = YES;
				CLANG_WARN_ENUM_CONVERSION = YES;
				CLANG_WARN_INFINITE_RECURSION = YES;
				CLANG_WARN_INT_CONVERSION = YES;
				CLANG_WARN_NON_LITERAL_NULL_CONVERSION = YES;
				CLANG_WARN_OBJC_IMPLICIT_RETAIN_SELF = YES;
				CLANG_WARN_OBJC_LITERAL_CONVERSION = YES;
				CLANG_WARN_OBJC_ROOT_CLASS = YES_ERROR;
				CLANG_WARN_QUOTED_INCLUDE_IN_FRAMEWORK_HEADER = YES;
				CLANG_WARN_RANGE_LOOP_ANALYSIS = YES;
				CLANG_WARN_STRICT_PROTOTYPES = YES;
				CLANG_WARN_SUSPICIOUS_MOVE = YES;
				CLANG_WARN_UNGUARDED_AVAILABILITY = YES_AGGRESSIVE;
				CLANG_WARN_UNREACHABLE_CODE = YES;
				CLANG_WARN__DUPLICATE_METHOD_MATCH = YES;
				COPY_PHASE_STRIP = NO;
				DEBUG_INFORMATION_FORMAT = dwarf;
				ENABLE_STRICT_OBJC_MSGSEND = YES;
				ENABLE_TESTABILITY = YES;
				ENABLE_USER_SCRIPT_SANDBOXING = YES;
				GCC_C_LANGUAGE_STANDARD = gnu17;
				GCC_DYNAMIC_NO_PIC = NO;
				GCC_NO_COMMON_BLOCKS = YES;
				GCC_OPTIMIZATION_LEVEL = 0;
				GCC_PREPROCESSOR_DEFINITIONS = (
					"DEBUG=1",
					"$(inherited)",
				);
				GCC_WARN_64_TO_32_BIT_CONVERSION = YES;
				GCC_WARN_ABOUT_RETURN_TYPE = YES_ERROR;
				GCC_WARN_UNDECLARED_SELECTOR = YES;
				GCC_WARN_UNINITIALIZED_AUTOS = YES_AGGRESSIVE;
				GCC_WARN_UNUSED_FUNCTION = YES;
				GCC_WARN_UNUSED_VARIABLE = YES;
				IPHONEOS_DEPLOYMENT_TARGET = 17.2;
				LOCALIZATION_PREFERS_STRING_CATALOGS = YES;
				MTL_ENABLE_DEBUG_INFO = INCLUDE_SOURCE;
				MTL_FAST_MATH = YES;
				ONLY_ACTIVE_ARCH = YES;
				SDKROOT = iphoneos;
				SWIFT_ACTIVE_COMPILATION_CONDITIONS = "DEBUG $(inherited)";
				SWIFT_OPTIMIZATION_LEVEL = "-Onone";
			};
			name = Debug;
		};
		CE581E142E78C498005C6F6F /* Release */ = {
			isa = XCBuildConfiguration;
			buildSettings = {
				ALWAYS_SEARCH_USER_PATHS = NO;
				ASSETCATALOG_COMPILER_GENERATE_SWIFT_ASSET_SYMBOL_EXTENSIONS = YES;
				CLANG_ANALYZER_NONNULL = YES;
				CLANG_ANALYZER_NUMBER_OBJECT_CONVERSION = YES_AGGRESSIVE;
				CLANG_CXX_LANGUAGE_STANDARD = "gnu++20";
				CLANG_ENABLE_MODULES = YES;
				CLANG_ENABLE_OBJC_ARC = YES;
				CLANG_ENABLE_OBJC_WEAK = YES;
				CLANG_WARN_BLOCK_CAPTURE_AUTORELEASING = YES;
				CLANG_WARN_BOOL_CONVERSION = YES;
				CLANG_WARN_COMMA = YES;
				CLANG_WARN_CONSTANT_CONVERSION = YES;
				CLANG_WARN_DEPRECATED_OBJC_IMPLEMENTATIONS = YES;
				CLANG_WARN_DIRECT_OBJC_ISA_USAGE = YES_ERROR;
				CLANG_WARN_DOCUMENTATION_COMMENTS = YES;
				CLANG_WARN_EMPTY_BODY = YES;
				CLANG_WARN_ENUM_CONVERSION = YES;
				CLANG_WARN_INFINITE_RECURSION = YES;
				CLANG_WARN_INT_CONVERSION = YES;
				CLANG_WARN_NON_LITERAL_NULL_CONVERSION = YES;
				CLANG_WARN_OBJC_IMPLICIT_RETAIN_SELF = YES;
				CLANG_WARN_OBJC_LITERAL_CONVERSION = YES;
				CLANG_WARN_OBJC_ROOT_CLASS = YES_ERROR;
				CLANG_WARN_QUOTED_INCLUDE_IN_FRAMEWORK_HEADER = YES;
				CLANG_WARN_RANGE_LOOP_ANALYSIS = YES;
				CLANG_WARN_STRICT_PROTOTYPES = YES;
				CLANG_WARN_SUSPICIOUS_MOVE = YES;
				CLANG_WARN_UNGUARDED_AVAILABILITY = YES_AGGRESSIVE;
				CLANG_WARN_UNREACHABLE_CODE = YES;
				CLANG_WARN__DUPLICATE_METHOD_MATCH = YES;
				COPY_PHASE_STRIP = NO;
				DEBUG_INFORMATION_FORMAT = "dwarf-with-dsym";
				ENABLE_NS_ASSERTIONS = NO;
				ENABLE_STRICT_OBJC_MSGSEND = YES;
				ENABLE_USER_SCRIPT_SANDBOXING = YES;
				GCC_C_LANGUAGE_STANDARD = gnu17;
				GCC_NO_COMMON_BLOCKS = YES;
				GCC_WARN_64_TO_32_BIT_CONVERSION = YES;
				GCC_WARN_ABOUT_RETURN_TYPE = YES_ERROR;
				GCC_WARN_UNDECLARED_SELECTOR = YES;
				GCC_WARN_UNINITIALIZED_AUTOS = YES_AGGRESSIVE;
				GCC_WARN_UNUSED_FUNCTION = YES;
				GCC_WARN_UNUSED_VARIABLE = YES;
				IPHONEOS_DEPLOYMENT_TARGET = 17.2;
				LOCALIZATION_PREFERS_STRING_CATALOGS = YES;
				MTL_ENABLE_DEBUG_INFO = NO;
				MTL_FAST_MATH = YES;
				SDKROOT = iphoneos;
				SWIFT_COMPILATION_MODE = wholemodule;
				VALIDATE_PRODUCT = YES;
			};
			name = Release;
		};
		CE581E162E78C498005C6F6F /* Debug */ = {
			isa = XCBuildConfiguration;
			buildSettings = {
				ASSETCATALOG_COMPILER_APPICON_NAME = AppIcon;
				ASSETCATALOG_COMPILER_GLOBAL_ACCENT_COLOR_NAME = AccentColor;
				CODE_SIGN_STYLE = Automatic;
				CURRENT_PROJECT_VERSION = 1;
				DEVELOPMENT_ASSET_PATHS = "\"chat de turma/Preview Content\"";
				ENABLE_PREVIEWS = YES;
				GENERATE_INFOPLIST_FILE = YES;
				INFOPLIST_KEY_UIApplicationSceneManifest_Generation = YES;
				INFOPLIST_KEY_UIApplicationSupportsIndirectInputEvents = YES;
				INFOPLIST_KEY_UILaunchScreen_Generation = YES;
				INFOPLIST_KEY_UISupportedInterfaceOrientations_iPad = "UIInterfaceOrientationPortrait UIInterfaceOrientationPortraitUpsideDown UIInterfaceOrientationLandscapeLeft UIInterfaceOrientationLandscapeRight";
				INFOPLIST_KEY_UISupportedInterfaceOrientations_iPhone = "UIInterfaceOrientationPortrait UIInterfaceOrientationLandscapeLeft UIInterfaceOrientationLandscapeRight";
				LD_RUNPATH_SEARCH_PATHS = (
					"$(inherited)",
					"@executable_path/Frameworks",
				);
				MARKETING_VERSION = 1.0;
				PRODUCT_BUNDLE_IDENTIFIER = "WladimirPutin.chat-de-turma";
				PRODUCT_NAME = "$(TARGET_NAME)";
				SWIFT_EMIT_LOC_STRINGS = YES;
				SWIFT_VERSION = 5.0;
				TARGETED_DEVICE_FAMILY = "1,2";
			};
			name = Debug;
		};
		CE581E172E78C498005C6F6F /* Release */ = {
			isa = XCBuildConfiguration;
			buildSettings = {
				ASSETCATALOG_COMPILER_APPICON_NAME = AppIcon;
				ASSETCATALOG_COMPILER_GLOBAL_ACCENT_COLOR_NAME = AccentColor;
				CODE_SIGN_STYLE = Automatic;
				CURRENT_PROJECT_VERSION = 1;
				DEVELOPMENT_ASSET_PATHS = "\"chat de turma/Preview Content\"";
				ENABLE_PREVIEWS = YES;
				GENERATE_INFOPLIST_FILE = YES;
				INFOPLIST_KEY_UIApplicationSceneManifest_Generation = YES;
				INFOPLIST_KEY_UIApplicationSupportsIndirectInputEvents = YES;
				INFOPLIST_KEY_UILaunchScreen_Generation = YES;
				INFOPLIST_KEY_UISupportedInterfaceOrientations_iPad = "UIInterfaceOrientationPortrait UIInterfaceOrientationPortraitUpsideDown UIInterfaceOrientationLandscapeLeft UIInterfaceOrientationLandscapeRight";
				INFOPLIST_KEY_UISupportedInterfaceOrientations_iPhone = "UIInterfaceOrientationPortrait UIInterfaceOrientationLandscapeLeft UIInterfaceOrientationLandscapeRight";
				LD_RUNPATH_SEARCH_PATHS = (
					"$(inherited)",
					"@executable_path/Frameworks",
				);
				MARKETING_VERSION = 1.0;
				PRODUCT_BUNDLE_IDENTIFIER = "WladimirPutin.chat-de-turma";
				PRODUCT_NAME = "$(TARGET_NAME)";
				SWIFT_EMIT_LOC_STRINGS = YES;
				SWIFT_VERSION = 5.0;
				TARGETED_DEVICE_FAMILY = "1,2";
			};
			name = Release;
		};
/* End XCBuildConfiguration section */

/* Begin XCConfigurationList section */
		CE581E022E78C497005C6F6F /* Build configuration list for PBXProject "chat de turma" */ = {
			isa = XCConfigurationList;
			buildConfigurations = (
				CE581E132E78C498005C6F6F /* Debug */,
				CE581E142E78C498005C6F6F /* Release */,
			);
			defaultConfigurationIsVisible = 0;
			defaultConfigurationName = Release;
		};
		CE581E152E78C498005C6F6F /* Build configuration list for PBXNativeTarget "chat de turma" */ = {
			isa = XCConfigurationList;
			buildConfigurations = (
				CE581E162E78C498005C6F6F /* Debug */,
				CE581E172E78C498005C6F6F /* Release */,
			);
			defaultConfigurationIsVisible = 0;
			defaultConfigurationName = Release;
		};
/* End XCConfigurationList section */
	};
	rootObject = CE581DFF2E78C497005C6F6F /* Project object */;
}
